Microsoft Visual Studio Solution File, Format Version 12.00
# Visual Studio Version 17
VisualStudioVersion = 17.5.2.0
MinimumVisualStudioVersion = 10.0.40219.1
Project("{FAE04EC0-301F-11D3-BF4B-00C04F79EFBC}") = "calminimalapi", "calminimalapi.csproj", "{7F04F918-B919-7AD9-87E2-231F546FCFC5}"
EndProject
Global
	GlobalSection(SolutionConfigurationPlatforms) = preSolution
		Debug|Any CPU = Debug|Any CPU
		Release|Any CPU = Release|Any CPU
	EndGlobalSection
	GlobalSection(ProjectConfigurationPlatforms) = postSolution
		{7F04F918-B919-7AD9-87E2-231F546FCFC5}.Debug|Any CPU.ActiveCfg = Debug|Any CPU
		{7F04F918-B919-7AD9-87E2-231F546FCFC5}.Debug|Any CPU.Build.0 = Debug|Any CPU
		{7F04F918-B919-7AD9-87E2-231F546FCFC5}.Release|Any CPU.ActiveCfg = Release|Any CPU
		{7F04F918-B919-7AD9-87E2-231F546FCFC5}.Release|Any CPU.Build.0 = Release|Any CPU
	EndGlobalSection
	GlobalSection(SolutionProperties) = preSolution
		HideSolutionNode = FALSE
	EndGlobalSection
	GlobalSection(ExtensibilityGlobals) = postSolution
		SolutionGuid = {DE0FDC22-4F63-49CD-8079-A888F8E445CD}
	EndGlobalSection
EndGlobal
